// !$*UTF8*$!
{
	archiveVersion = 1;
	classes = {
	};
	objectVersion = 77;
	objects = {

/* Begin PBXBuildFile section */
		01C0284CF143FB036E122995 /* AIBackendSelectionTests.swift in Sources */ = {isa = PBXBuildFile; fileRef = 82222A95EEF524D441242FD5 /* AIBackendSelectionTests.swift */; };
		029C6E6F71C4BBEBAAFBD71D /* WidenKit.framework in Frameworks */ = {isa = PBXBuildFile; fileRef = A287B7ABA46C2CE732510671 /* WidenKit.framework */; };
		043BA66DA315AD8515BD6D00 /* WidenKit.framework in Embed Frameworks */ = {isa = PBXBuildFile; fileRef = A287B7ABA46C2CE732510671 /* WidenKit.framework */; settings = {ATTRIBUTES = (CodeSignOnCopy, RemoveHeadersOnCopy, ); }; };
		04D45723ACD2DBFB2A44561F /* ChatMessage.swift in Sources */ = {isa = PBXBuildFile; fileRef = 0FC114812768A2AB47EECE04 /* ChatMessage.swift */; };
		0560EC58BEE91D9F98F5AC32 /* AppearancePreference.swift in Sources */ = {isa = PBXBuildFile; fileRef = A5EB4C4ABF5F9444F28736EF /* AppearancePreference.swift */; };
		05E75B10D5A5DAECC48EF104 /* PostgresIntegrationTests.swift in Sources */ = {isa = PBXBuildFile; fileRef = 526F33B4A497093D4F7A3300 /* PostgresIntegrationTests.swift */; };
		090D0AA08F031227E6C2A327 /* WidenKit.framework in Embed Frameworks */ = {isa = PBXBuildFile; fileRef = A287B7ABA46C2CE732510671 /* WidenKit.framework */; settings = {ATTRIBUTES = (CodeSignOnCopy, RemoveHeadersOnCopy, ); }; };
		094449A6D12D44D491D1D497 /* Assets.xcassets in Resources */ = {isa = PBXBuildFile; fileRef = E271C5B65AC35B837AD0BD6C /* Assets.xcassets */; };
		0F8468DE980881943E60D699 /* DatabaseGroupRow.swift in Sources */ = {isa = PBXBuildFile; fileRef = D4B2FAB6EB4D61BFACA27F79 /* DatabaseGroupRow.swift */; };
		1674AC3275D4BD3B75C9F226 /* DatabaseOverviewView.swift in Sources */ = {isa = PBXBuildFile; fileRef = 761F73A4F49799F8CADA0C29 /* DatabaseOverviewView.swift */; };
		16E278E74057D1472B29CCFA /* AppStateSessionTests.swift in Sources */ = {isa = PBXBuildFile; fileRef = 0E1E314A98E9C24DB275395B /* AppStateSessionTests.swift */; };
		16E7184CC8CEBDD110063DD0 /* QueryResult.swift in Sources */ = {isa = PBXBuildFile; fileRef = 62528AEFE710F6485BD8680B /* QueryResult.swift */; };
		16FF5393670F9E93FD53B778 /* PrivateCloudComputeSQLGenerator.swift in Sources */ = {isa = PBXBuildFile; fileRef = 6D97D661282C7D49C7D9844A /* PrivateCloudComputeSQLGenerator.swift */; };
		174D9DBB71A59BDCC9E707B8 /* OpenRouterSQLGenerator.swift in Sources */ = {isa = PBXBuildFile; fileRef = F6F18482BAFDA08E3E215F02 /* OpenRouterSQLGenerator.swift */; };
		17B58BDBFC1AD9599BE083EC /* QuerySession.swift in Sources */ = {isa = PBXBuildFile; fileRef = 0B7BA9550419C079DAB74703 /* QuerySession.swift */; };
		1B4AF2DDDDEF130CA473EE1F /* AppStateSchemaTests.swift in Sources */ = {isa = PBXBuildFile; fileRef = A8D7D7EDCCE8B5638DAF4989 /* AppStateSchemaTests.swift */; };
		1B7ED3BD37EE6A5727850143 /* SQLPromptBuilder.swift in Sources */ = {isa = PBXBuildFile; fileRef = 6BA8E6CFAEE004F6DB3C4D6B /* SQLPromptBuilder.swift */; };
		1D500705EAC9A667A2702299 /* SchemaBrowserView.swift in Sources */ = {isa = PBXBuildFile; fileRef = ABCA8C831C2698A2155AD49F /* SchemaBrowserView.swift */; };
		223A191A64938643DCB02C11 /* CapsuleSegmentButton.swift in Sources */ = {isa = PBXBuildFile; fileRef = 5C80647687D414D4445762EE /* CapsuleSegmentButton.swift */; };
		2A486A59E00812C4F538DE85 /* FoundationModelsTitleGenerator.swift in Sources */ = {isa = PBXBuildFile; fileRef = 6399B3911003C49C8E5A23BB /* FoundationModelsTitleGenerator.swift */; };
		2C8F8995D28211876451B162 /* ConnectionSettingsViewModel.swift in Sources */ = {isa = PBXBuildFile; fileRef = 75E1E0F5761DB6F974FB9494 /* ConnectionSettingsViewModel.swift */; };
		2DEB15A6FB12058AEB8EA4C3 /* PostgresNIO in Frameworks */ = {isa = PBXBuildFile; productRef = 529F1F207D19D87065B1C548 /* PostgresNIO */; };
		2ECF4D6E459FE689FF8F6D4C /* TableInfo.swift in Sources */ = {isa = PBXBuildFile; fileRef = 2B82C454D2705BD1520A0263 /* TableInfo.swift */; };
		31AAD4FFD25B413C6BB2410E /* QueryResultViewModel.swift in Sources */ = {isa = PBXBuildFile; fileRef = CD9A4AC6A2353BABF87696E2 /* QueryResultViewModel.swift */; };
		31F2B0EC39FE62106BB1B4DE /* AIBackendToggle.swift in Sources */ = {isa = PBXBuildFile; fileRef = 4C1644FE0720C6F12CB46ED8 /* AIBackendToggle.swift */; };
		33DCCAB3D5776014CF30B619 /* SessionTitleGenerator.swift in Sources */ = {isa = PBXBuildFile; fileRef = 6E93D92D37A8796CFBFBD827 /* SessionTitleGenerator.swift */; };
		344BEFD5BC2ABA6B9DE4371C /* SQLSafetyValidator.swift in Sources */ = {isa = PBXBuildFile; fileRef = E89B4B4CFB39F399ABB908C7 /* SQLSafetyValidator.swift */; };
		34F78902BE58D5CB8EC09301 /* AIBackendPreferences.swift in Sources */ = {isa = PBXBuildFile; fileRef = 9D65EBBAD5352C90A92D303B /* AIBackendPreferences.swift */; };
		38FE0829888A4A66DFA35CB4 /* DatabaseConnectionConfig.swift in Sources */ = {isa = PBXBuildFile; fileRef = D596ED882EACD5C0367DF8B6 /* DatabaseConnectionConfig.swift */; };
		3B6192683475A6655C2457C2 /* SQLCardView.swift in Sources */ = {isa = PBXBuildFile; fileRef = 6E9720CC8F348FC64D404436 /* SQLCardView.swift */; };
		3BE58981088724407FF51DAB /* ConnectionEditorForm.swift in Sources */ = {isa = PBXBuildFile; fileRef = CAEBEF243DB2BC29B6767858 /* ConnectionEditorForm.swift */; };
		419D3C46557E5EB02BFF1E16 /* WidenApp.swift in Sources */ = {isa = PBXBuildFile; fileRef = 0F3DF98ED93232966E34F946 /* WidenApp.swift */; };
		431CE0A39E21D2C174350BC7 /* KeychainService.swift in Sources */ = {isa = PBXBuildFile; fileRef = A3B9A1CC6E0205BFB23382B5 /* KeychainService.swift */; };
		434A383C87AEEBA026425998 /* WidenKit.framework in Frameworks */ = {isa = PBXBuildFile; fileRef = A287B7ABA46C2CE732510671 /* WidenKit.framework */; };
		44DC2644E6C9B468A01B836C /* PostgresErrorMapper.swift in Sources */ = {isa = PBXBuildFile; fileRef = D02148CFD54DB234244D6960 /* PostgresErrorMapper.swift */; };
		45493C26C7093C53E7FA6CA7 /* ForeignKeyInfo.swift in Sources */ = {isa = PBXBuildFile; fileRef = 53B157FCABED3A63DEE715A3 /* ForeignKeyInfo.swift */; };
		48022A27EFAA78F2CBCC864D /* SidebarView.swift in Sources */ = {isa = PBXBuildFile; fileRef = 55003AE18B47B04247233530 /* SidebarView.swift */; };
		49D036B9E3F976916C4023DC /* SchemaStore.swift in Sources */ = {isa = PBXBuildFile; fileRef = F63EE53E94C2C5F8EDC5DD47 /* SchemaStore.swift */; };
		4A75EC7A4C514B92BE04945E /* ResultsGridView.swift in Sources */ = {isa = PBXBuildFile; fileRef = A0D6E491DE3F8E28E3DE6BA0 /* ResultsGridView.swift */; };
		4C68CAA36470F5443E52AC15 /* OpenRouterCatalog.swift in Sources */ = {isa = PBXBuildFile; fileRef = 0875D9B4DCE517781B097472 /* OpenRouterCatalog.swift */; };
		603D1C66B3804DB8772F9B9C /* ChatViewModel.swift in Sources */ = {isa = PBXBuildFile; fileRef = 45FEB67F1A613C00B3549BE5 /* ChatViewModel.swift */; };
		677AC815A764B633F9F22D26 /* GenerationLog.swift in Sources */ = {isa = PBXBuildFile; fileRef = B594613B4437F5693FC5294D /* GenerationLog.swift */; };
		6A5DB748205AD6A08CB83BAE /* SQLSafetyValidatorTests.swift in Sources */ = {isa = PBXBuildFile; fileRef = D7D4F66164E5E8028A9EA325 /* SQLSafetyValidatorTests.swift */; };
		6D0F36CCCD8C402EB80DA83D /* SessionStore.swift in Sources */ = {isa = PBXBuildFile; fileRef = DA1AA29704A0DF0B0D92E56E /* SessionStore.swift */; };
		6EC15D2180D5E4E77FC806BC /* ArchivedSessionsSettingsView.swift in Sources */ = {isa = PBXBuildFile; fileRef = 7F39F1CE52C85BAF2835DDB3 /* ArchivedSessionsSettingsView.swift */; };
		753031F9DD6A8D6D27BCC293 /* LLMSettingsView.swift in Sources */ = {isa = PBXBuildFile; fileRef = 9548C6FFDED1BB0553160789 /* LLMSettingsView.swift */; };
		754F4B9CADE8E81CF7B3612F /* SessionDetailView.swift in Sources */ = {isa = PBXBuildFile; fileRef = 003537221E8D09444ADD7EAD /* SessionDetailView.swift */; };
		768DAF6FD7B82571653BDBDB /* ColumnInfo.swift in Sources */ = {isa = PBXBuildFile; fileRef = E36D97979AC640D93B5C30B6 /* ColumnInfo.swift */; };
		769ABC9198C3975F0BC73673 /* SettingsView.swift in Sources */ = {isa = PBXBuildFile; fileRef = 60016B4C1BD9B80A992A73A4 /* SettingsView.swift */; };
		799DCAF1B34F0A3CD18F70FB /* SQLGenerator.swift in Sources */ = {isa = PBXBuildFile; fileRef = 4668054A3CDE423568E1A4F4 /* SQLGenerator.swift */; };
		7B8853EF36A5A764F648AF6C /* MockSQLGenerator.swift in Sources */ = {isa = PBXBuildFile; fileRef = C69FF94E360E9E0F027F2AAA /* MockSQLGenerator.swift */; };
		7DBEF4C3F5F26F43884DDC1A /* SessionStoreTests.swift in Sources */ = {isa = PBXBuildFile; fileRef = F2CC4ADDFBD0372E41CBC1A4 /* SessionStoreTests.swift */; };
		89E8175EE7A65895715004C8 /* ConnectionStore.swift in Sources */ = {isa = PBXBuildFile; fileRef = 6DBE4DAF98A714DFDE7DF54E /* ConnectionStore.swift */; };
		8C7B53F2B10338BB399CA9FA /* LoadingView.swift in Sources */ = {isa = PBXBuildFile; fileRef = CB98264D45BE6021646B47AA /* LoadingView.swift */; };
		91721D00C35BBE6A1B3B7BC5 /* AppError.swift in Sources */ = {isa = PBXBuildFile; fileRef = E6F1A663CDB8B6D45A6DA1D5 /* AppError.swift */; };
		92175B834D98973A909CD346 /* GeneralSettingsView.swift in Sources */ = {isa = PBXBuildFile; fileRef = E15C23EAA90F2205B06AA400 /* GeneralSettingsView.swift */; };
		9289CD3666919AC9B9DD88AD /* SchemaInspectorView.swift in Sources */ = {isa = PBXBuildFile; fileRef = 725DE507622217A36A82A235 /* SchemaInspectorView.swift */; };
		945C5CE81A388F43EE3709DC /* SessionTitleTests.swift in Sources */ = {isa = PBXBuildFile; fileRef = 7DB60DBB4528001882E57C20 /* SessionTitleTests.swift */; };
		974A50A3A65A15698A331AE2 /* ConnectionStoreTests.swift in Sources */ = {isa = PBXBuildFile; fileRef = 4D7DC9491F74000AE5458E39 /* ConnectionStoreTests.swift */; };
		97765290AC859F9923EF7B20 /* ChatViewModelTests.swift in Sources */ = {isa = PBXBuildFile; fileRef = 590FC9E47C8F0984E7168920 /* ChatViewModelTests.swift */; };
		97F621F20475215531A2FE1D /* SessionController.swift in Sources */ = {isa = PBXBuildFile; fileRef = 4E3224013C3BD2A7894756D9 /* SessionController.swift */; };
		982986ED6DA188054F14BCE9 /* MainView.swift in Sources */ = {isa = PBXBuildFile; fileRef = A181CFBD27E3620C8C3C902E /* MainView.swift */; };
		98CECE67670288333751B170 /* QueryExecutionService.swift in Sources */ = {isa = PBXBuildFile; fileRef = 8D3B5C38E209E366A7B9413D /* QueryExecutionService.swift */; };
		9FC5F80BD37E41A1A2235094 /* AppearanceToggle.swift in Sources */ = {isa = PBXBuildFile; fileRef = 230B04423A505F20C3D79EF5 /* AppearanceToggle.swift */; };
		A8CC6487A4E0350CA83142BA /* MessageBubbleView.swift in Sources */ = {isa = PBXBuildFile; fileRef = ACD47E55C23BE31FB80EB249 /* MessageBubbleView.swift */; };
		AAE2F5B4C2AA310AC576E408 /* SessionControllerTests.swift in Sources */ = {isa = PBXBuildFile; fileRef = FAEB9A30055B7E3FE372CD61 /* SessionControllerTests.swift */; };
		ACB000D582647340280E01A3 /* WidenKitTests.swift in Sources */ = {isa = PBXBuildFile; fileRef = 25C6B47E5418CF6D55AE34FD /* WidenKitTests.swift */; };
		ADC54918FA78A02A2935BA0D /* HTTPTransport.swift in Sources */ = {isa = PBXBuildFile; fileRef = CB10154B7158004651F823CF /* HTTPTransport.swift */; };
		AEBB14B823EC2DF0490DC5B8 /* SQLGenerationResult.swift in Sources */ = {isa = PBXBuildFile; fileRef = 2DAAF8DAFFED5A966828C8C4 /* SQLGenerationResult.swift */; };
		AFA418FA05A4579D14F1DA77 /* PostgresService.swift in Sources */ = {isa = PBXBuildFile; fileRef = EC8949F7F4C8FC5E472D3909 /* PostgresService.swift */; };
		AFBCC86B144660AF022DD102 /* OpenRouterSQLGeneratorTests.swift in Sources */ = {isa = PBXBuildFile; fileRef = B99D0685D8BE2B80381201F0 /* OpenRouterSQLGeneratorTests.swift */; };
		B61F1D2B5F5495A14A7D6F82 /* ChatModeView.swift in Sources */ = {isa = PBXBuildFile; fileRef = E66C3D2EFDC9E9B4BA09A136 /* ChatModeView.swift */; };
		B84A31F77577FA4DBD88D7D3 /* SchemaIntrospectionService.swift in Sources */ = {isa = PBXBuildFile; fileRef = 5A2C062CE92CC29EB34DC339 /* SchemaIntrospectionService.swift */; };
		C2E902D08842ED705757E093 /* ResultsCardView.swift in Sources */ = {isa = PBXBuildFile; fileRef = 8ED849CA57ABBA33C736A628 /* ResultsCardView.swift */; };
		C502AEC63AC48859043019A9 /* PostgresCellFormatter.swift in Sources */ = {isa = PBXBuildFile; fileRef = AFAE5FF61F0206972133B567 /* PostgresCellFormatter.swift */; };
		C5C273D359E377E0C44B9E30 /* DatabasesSettingsView.swift in Sources */ = {isa = PBXBuildFile; fileRef = EFE23C70D785D014C2E39969 /* DatabasesSettingsView.swift */; };
		C70434C961398F8FE40C7865 /* SessionRow.swift in Sources */ = {isa = PBXBuildFile; fileRef = 1C4B123ACB7D6A07BF9C56B1 /* SessionRow.swift */; };
		C8CC0F98FA9581466F034692 /* SchemaStoreTests.swift in Sources */ = {isa = PBXBuildFile; fileRef = 6765AEA72CE58BC6D644FE4C /* SchemaStoreTests.swift */; };
		CC901A90F31FB81E58DCBAC9 /* FoundationModelsSmokeTests.swift in Sources */ = {isa = PBXBuildFile; fileRef = C776863B980AE74374EED3DD /* FoundationModelsSmokeTests.swift */; };
		D3A1485BB1D9396614D1445C /* ComposerView.swift in Sources */ = {isa = PBXBuildFile; fileRef = B5703BAB8838F625973C3D22 /* ComposerView.swift */; };
		DE0A58308400EE1367A39D5A /* FoundationModelsSQLGenerator.swift in Sources */ = {isa = PBXBuildFile; fileRef = 238DB6D552B7AF2D295338FD /* FoundationModelsSQLGenerator.swift */; };
		DF579B887E407DE86D520359 /* SchemaViewModel.swift in Sources */ = {isa = PBXBuildFile; fileRef = 09FE1736941871937B17D50F /* SchemaViewModel.swift */; };
		ED5BCEF2845478E58F7E3758 /* AppState.swift in Sources */ = {isa = PBXBuildFile; fileRef = 766339FF7AE746B877592F59 /* AppState.swift */; };
		EE5904EE1D6F99457023AD50 /* PCCSupport.swift in Sources */ = {isa = PBXBuildFile; fileRef = C38FD0CDC37E536A0ACD0BBD /* PCCSupport.swift */; };
		EF753E2965C53200E0302956 /* DatabaseSchema.swift in Sources */ = {isa = PBXBuildFile; fileRef = F09E72C449EE7A5A9A66BD9F /* DatabaseSchema.swift */; };
		EF9CE627C80199A8351EF201 /* SQLPromptBuilderTests.swift in Sources */ = {isa = PBXBuildFile; fileRef = 352C4B3A2C622CAEC8466E27 /* SQLPromptBuilderTests.swift */; };
		F56A4AE65EBEE8EA32929E7F /* ErrorBannerView.swift in Sources */ = {isa = PBXBuildFile; fileRef = 980EE95F99B9CDF2F26BBC47 /* ErrorBannerView.swift */; };
/* End PBXBuildFile section */

/* Begin PBXContainerItemProxy section */
		531BF63DAC9357D56FA5A567 /* PBXContainerItemProxy */ = {
			isa = PBXContainerItemProxy;
			containerPortal = EED2FFFAE7DB9CCD2E3C5B85 /* Project object */;
			proxyType = 1;
			remoteGlobalIDString = 1FCB6B0AC1C74EEDF9DADF64;
			remoteInfo = WidenKit;
		};
		85ABDEA1E4488FD59A2B4F2A /* PBXContainerItemProxy */ = {
			isa = PBXContainerItemProxy;
			containerPortal = EED2FFFAE7DB9CCD2E3C5B85 /* Project object */;
			proxyType = 1;
			remoteGlobalIDString = 1FCB6B0AC1C74EEDF9DADF64;
			remoteInfo = WidenKit;
		};
/* End PBXContainerItemProxy section */

/* Begin PBXCopyFilesBuildPhase section */
		329C424A2DCA83773C5624CC /* Embed Frameworks */ = {
			isa = PBXCopyFilesBuildPhase;
			buildActionMask = 2147483647;
			dstPath = "";
			dstSubfolderSpec = 10;
			files = (
				043BA66DA315AD8515BD6D00 /* WidenKit.framework in Embed Frameworks */,
			);
			name = "Embed Frameworks";
			runOnlyForDeploymentPostprocessing = 0;
		};
		3725B242B4BFD34796A6F3CE /* Embed Frameworks */ = {
			isa = PBXCopyFilesBuildPhase;
			buildActionMask = 2147483647;
			dstPath = "";
			dstSubfolderSpec = 10;
			files = (
				090D0AA08F031227E6C2A327 /* WidenKit.framework in Embed Frameworks */,
			);
			name = "Embed Frameworks";
			runOnlyForDeploymentPostprocessing = 0;
		};
/* End PBXCopyFilesBuildPhase section */

/* Begin PBXFileReference section */
		003537221E8D09444ADD7EAD /* SessionDetailView.swift */ = {isa = PBXFileReference; lastKnownFileType = sourcecode.swift; path = SessionDetailView.swift; sourceTree = "<group>"; };
		0875D9B4DCE517781B097472 /* OpenRouterCatalog.swift */ = {isa = PBXFileReference; lastKnownFileType = sourcecode.swift; path = OpenRouterCatalog.swift; sourceTree = "<group>"; };
		09FE1736941871937B17D50F /* SchemaViewModel.swift */ = {isa = PBXFileReference; lastKnownFileType = sourcecode.swift; path = SchemaViewModel.swift; sourceTree = "<group>"; };
		0B7BA9550419C079DAB74703 /* QuerySession.swift */ = {isa = PBXFileReference; lastKnownFileType = sourcecode.swift; path = QuerySession.swift; sourceTree = "<group>"; };
		0E1E314A98E9C24DB275395B /* AppStateSessionTests.swift */ = {isa = PBXFileReference; lastKnownFileType = sourcecode.swift; path = AppStateSessionTests.swift; sourceTree = "<group>"; };
		0F3DF98ED93232966E34F946 /* WidenApp.swift */ = {isa = PBXFileReference; lastKnownFileType = sourcecode.swift; path = WidenApp.swift; sourceTree = "<group>"; };
		0FC114812768A2AB47EECE04 /* ChatMessage.swift */ = {isa = PBXFileReference; lastKnownFileType = sourcecode.swift; path = ChatMessage.swift; sourceTree = "<group>"; };
		1C4B123ACB7D6A07BF9C56B1 /* SessionRow.swift */ = {isa = PBXFileReference; lastKnownFileType = sourcecode.swift; path = SessionRow.swift; sourceTree = "<group>"; };
		21DDF1337274FDB5AB132977 /* WidenTests.xctest */ = {isa = PBXFileReference; explicitFileType = wrapper.cfbundle; includeInIndex = 0; path = WidenTests.xctest; sourceTree = BUILT_PRODUCTS_DIR; };
		230B04423A505F20C3D79EF5 /* AppearanceToggle.swift */ = {isa = PBXFileReference; lastKnownFileType = sourcecode.swift; path = AppearanceToggle.swift; sourceTree = "<group>"; };
		238DB6D552B7AF2D295338FD /* FoundationModelsSQLGenerator.swift */ = {isa = PBXFileReference; lastKnownFileType = sourcecode.swift; path = FoundationModelsSQLGenerator.swift; sourceTree = "<group>"; };
		25C6B47E5418CF6D55AE34FD /* WidenKitTests.swift */ = {isa = PBXFileReference; lastKnownFileType = sourcecode.swift; path = WidenKitTests.swift; sourceTree = "<group>"; };
		2B82C454D2705BD1520A0263 /* TableInfo.swift */ = {isa = PBXFileReference; lastKnownFileType = sourcecode.swift; path = TableInfo.swift; sourceTree = "<group>"; };
		2DAAF8DAFFED5A966828C8C4 /* SQLGenerationResult.swift */ = {isa = PBXFileReference; lastKnownFileType = sourcecode.swift; path = SQLGenerationResult.swift; sourceTree = "<group>"; };
		352C4B3A2C622CAEC8466E27 /* SQLPromptBuilderTests.swift */ = {isa = PBXFileReference; lastKnownFileType = sourcecode.swift; path = SQLPromptBuilderTests.swift; sourceTree = "<group>"; };
		3F4D5F2F87350CA819E01F58 /* Widen.entitlements */ = {isa = PBXFileReference; lastKnownFileType = text.plist.entitlements; path = Widen.entitlements; sourceTree = "<group>"; };
		4089BA52528E9EEAC2396AB2 /* Widen.app */ = {isa = PBXFileReference; explicitFileType = wrapper.application; includeInIndex = 0; path = Widen.app; sourceTree = BUILT_PRODUCTS_DIR; };
		420B7A0BDD583B0ABE7D2E25 /* Info.plist */ = {isa = PBXFileReference; lastKnownFileType = text.plist; path = Info.plist; sourceTree = "<group>"; };
		45FEB67F1A613C00B3549BE5 /* ChatViewModel.swift */ = {isa = PBXFileReference; lastKnownFileType = sourcecode.swift; path = ChatViewModel.swift; sourceTree = "<group>"; };
		4668054A3CDE423568E1A4F4 /* SQLGenerator.swift */ = {isa = PBXFileReference; lastKnownFileType = sourcecode.swift; path = SQLGenerator.swift; sourceTree = "<group>"; };
		4C1644FE0720C6F12CB46ED8 /* AIBackendToggle.swift */ = {isa = PBXFileReference; lastKnownFileType = sourcecode.swift; path = AIBackendToggle.swift; sourceTree = "<group>"; };
		4D7DC9491F74000AE5458E39 /* ConnectionStoreTests.swift */ = {isa = PBXFileReference; lastKnownFileType = sourcecode.swift; path = ConnectionStoreTests.swift; sourceTree = "<group>"; };
		4E3224013C3BD2A7894756D9 /* SessionController.swift */ = {isa = PBXFileReference; lastKnownFileType = sourcecode.swift; path = SessionController.swift; sourceTree = "<group>"; };
		526F33B4A497093D4F7A3300 /* PostgresIntegrationTests.swift */ = {isa = PBXFileReference; lastKnownFileType = sourcecode.swift; path = PostgresIntegrationTests.swift; sourceTree = "<group>"; };
		53B157FCABED3A63DEE715A3 /* ForeignKeyInfo.swift */ = {isa = PBXFileReference; lastKnownFileType = sourcecode.swift; path = ForeignKeyInfo.swift; sourceTree = "<group>"; };
		55003AE18B47B04247233530 /* SidebarView.swift */ = {isa = PBXFileReference; lastKnownFileType = sourcecode.swift; path = SidebarView.swift; sourceTree = "<group>"; };
		590FC9E47C8F0984E7168920 /* ChatViewModelTests.swift */ = {isa = PBXFileReference; lastKnownFileType = sourcecode.swift; path = ChatViewModelTests.swift; sourceTree = "<group>"; };
		5A2C062CE92CC29EB34DC339 /* SchemaIntrospectionService.swift */ = {isa = PBXFileReference; lastKnownFileType = sourcecode.swift; path = SchemaIntrospectionService.swift; sourceTree = "<group>"; };
		5C80647687D414D4445762EE /* CapsuleSegmentButton.swift */ = {isa = PBXFileReference; lastKnownFileType = sourcecode.swift; path = CapsuleSegmentButton.swift; sourceTree = "<group>"; };
		60016B4C1BD9B80A992A73A4 /* SettingsView.swift */ = {isa = PBXFileReference; lastKnownFileType = sourcecode.swift; path = SettingsView.swift; sourceTree = "<group>"; };
		62528AEFE710F6485BD8680B /* QueryResult.swift */ = {isa = PBXFileReference; lastKnownFileType = sourcecode.swift; path = QueryResult.swift; sourceTree = "<group>"; };
		6399B3911003C49C8E5A23BB /* FoundationModelsTitleGenerator.swift */ = {isa = PBXFileReference; lastKnownFileType = sourcecode.swift; path = FoundationModelsTitleGenerator.swift; sourceTree = "<group>"; };
		6765AEA72CE58BC6D644FE4C /* SchemaStoreTests.swift */ = {isa = PBXFileReference; lastKnownFileType = sourcecode.swift; path = SchemaStoreTests.swift; sourceTree = "<group>"; };
		6BA8E6CFAEE004F6DB3C4D6B /* SQLPromptBuilder.swift */ = {isa = PBXFileReference; lastKnownFileType = sourcecode.swift; path = SQLPromptBuilder.swift; sourceTree = "<group>"; };
		6D97D661282C7D49C7D9844A /* PrivateCloudComputeSQLGenerator.swift */ = {isa = PBXFileReference; lastKnownFileType = sourcecode.swift; path = PrivateCloudComputeSQLGenerator.swift; sourceTree = "<group>"; };
		6DBE4DAF98A714DFDE7DF54E /* ConnectionStore.swift */ = {isa = PBXFileReference; lastKnownFileType = sourcecode.swift; path = ConnectionStore.swift; sourceTree = "<group>"; };
		6E93D92D37A8796CFBFBD827 /* SessionTitleGenerator.swift */ = {isa = PBXFileReference; lastKnownFileType = sourcecode.swift; path = SessionTitleGenerator.swift; sourceTree = "<group>"; };
		6E9720CC8F348FC64D404436 /* SQLCardView.swift */ = {isa = PBXFileReference; lastKnownFileType = sourcecode.swift; path = SQLCardView.swift; sourceTree = "<group>"; };
		725DE507622217A36A82A235 /* SchemaInspectorView.swift */ = {isa = PBXFileReference; lastKnownFileType = sourcecode.swift; path = SchemaInspectorView.swift; sourceTree = "<group>"; };
		75E1E0F5761DB6F974FB9494 /* ConnectionSettingsViewModel.swift */ = {isa = PBXFileReference; lastKnownFileType = sourcecode.swift; path = ConnectionSettingsViewModel.swift; sourceTree = "<group>"; };
		761F73A4F49799F8CADA0C29 /* DatabaseOverviewView.swift */ = {isa = PBXFileReference; lastKnownFileType = sourcecode.swift; path = DatabaseOverviewView.swift; sourceTree = "<group>"; };
		766339FF7AE746B877592F59 /* AppState.swift */ = {isa = PBXFileReference; lastKnownFileType = sourcecode.swift; path = AppState.swift; sourceTree = "<group>"; };
		7DB60DBB4528001882E57C20 /* SessionTitleTests.swift */ = {isa = PBXFileReference; lastKnownFileType = sourcecode.swift; path = SessionTitleTests.swift; sourceTree = "<group>"; };
		7F39F1CE52C85BAF2835DDB3 /* ArchivedSessionsSettingsView.swift */ = {isa = PBXFileReference; lastKnownFileType = sourcecode.swift; path = ArchivedSessionsSettingsView.swift; sourceTree = "<group>"; };
		82222A95EEF524D441242FD5 /* AIBackendSelectionTests.swift */ = {isa = PBXFileReference; lastKnownFileType = sourcecode.swift; path = AIBackendSelectionTests.swift; sourceTree = "<group>"; };
		8D3B5C38E209E366A7B9413D /* QueryExecutionService.swift */ = {isa = PBXFileReference; lastKnownFileType = sourcecode.swift; path = QueryExecutionService.swift; sourceTree = "<group>"; };
		8ED849CA57ABBA33C736A628 /* ResultsCardView.swift */ = {isa = PBXFileReference; lastKnownFileType = sourcecode.swift; path = ResultsCardView.swift; sourceTree = "<group>"; };
		9548C6FFDED1BB0553160789 /* LLMSettingsView.swift */ = {isa = PBXFileReference; lastKnownFileType = sourcecode.swift; path = LLMSettingsView.swift; sourceTree = "<group>"; };
		980EE95F99B9CDF2F26BBC47 /* ErrorBannerView.swift */ = {isa = PBXFileReference; lastKnownFileType = sourcecode.swift; path = ErrorBannerView.swift; sourceTree = "<group>"; };
		9D65EBBAD5352C90A92D303B /* AIBackendPreferences.swift */ = {isa = PBXFileReference; lastKnownFileType = sourcecode.swift; path = AIBackendPreferences.swift; sourceTree = "<group>"; };
		A0D6E491DE3F8E28E3DE6BA0 /* ResultsGridView.swift */ = {isa = PBXFileReference; lastKnownFileType = sourcecode.swift; path = ResultsGridView.swift; sourceTree = "<group>"; };
		A181CFBD27E3620C8C3C902E /* MainView.swift */ = {isa = PBXFileReference; lastKnownFileType = sourcecode.swift; path = MainView.swift; sourceTree = "<group>"; };
		A287B7ABA46C2CE732510671 /* WidenKit.framework */ = {isa = PBXFileReference; explicitFileType = wrapper.framework; includeInIndex = 0; path = WidenKit.framework; sourceTree = BUILT_PRODUCTS_DIR; };
		A3B9A1CC6E0205BFB23382B5 /* KeychainService.swift */ = {isa = PBXFileReference; lastKnownFileType = sourcecode.swift; path = KeychainService.swift; sourceTree = "<group>"; };
		A5EB4C4ABF5F9444F28736EF /* AppearancePreference.swift */ = {isa = PBXFileReference; lastKnownFileType = sourcecode.swift; path = AppearancePreference.swift; sourceTree = "<group>"; };
		A8D7D7EDCCE8B5638DAF4989 /* AppStateSchemaTests.swift */ = {isa = PBXFileReference; lastKnownFileType = sourcecode.swift; path = AppStateSchemaTests.swift; sourceTree = "<group>"; };
		ABCA8C831C2698A2155AD49F /* SchemaBrowserView.swift */ = {isa = PBXFileReference; lastKnownFileType = sourcecode.swift; path = SchemaBrowserView.swift; sourceTree = "<group>"; };
		ACD47E55C23BE31FB80EB249 /* MessageBubbleView.swift */ = {isa = PBXFileReference; lastKnownFileType = sourcecode.swift; path = MessageBubbleView.swift; sourceTree = "<group>"; };
		AFAE5FF61F0206972133B567 /* PostgresCellFormatter.swift */ = {isa = PBXFileReference; lastKnownFileType = sourcecode.swift; path = PostgresCellFormatter.swift; sourceTree = "<group>"; };
		B5703BAB8838F625973C3D22 /* ComposerView.swift */ = {isa = PBXFileReference; lastKnownFileType = sourcecode.swift; path = ComposerView.swift; sourceTree = "<group>"; };
		B594613B4437F5693FC5294D /* GenerationLog.swift */ = {isa = PBXFileReference; lastKnownFileType = sourcecode.swift; path = GenerationLog.swift; sourceTree = "<group>"; };
		B99D0685D8BE2B80381201F0 /* OpenRouterSQLGeneratorTests.swift */ = {isa = PBXFileReference; lastKnownFileType = sourcecode.swift; path = OpenRouterSQLGeneratorTests.swift; sourceTree = "<group>"; };
		C38FD0CDC37E536A0ACD0BBD /* PCCSupport.swift */ = {isa = PBXFileReference; lastKnownFileType = sourcecode.swift; path = PCCSupport.swift; sourceTree = "<group>"; };
		C69FF94E360E9E0F027F2AAA /* MockSQLGenerator.swift */ = {isa = PBXFileReference; lastKnownFileType = sourcecode.swift; path = MockSQLGenerator.swift; sourceTree = "<group>"; };
		C776863B980AE74374EED3DD /* FoundationModelsSmokeTests.swift */ = {isa = PBXFileReference; lastKnownFileType = sourcecode.swift; path = FoundationModelsSmokeTests.swift; sourceTree = "<group>"; };
		CAEBEF243DB2BC29B6767858 /* ConnectionEditorForm.swift */ = {isa = PBXFileReference; lastKnownFileType = sourcecode.swift; path = ConnectionEditorForm.swift; sourceTree = "<group>"; };
		CB10154B7158004651F823CF /* HTTPTransport.swift */ = {isa = PBXFileReference; lastKnownFileType = sourcecode.swift; path = HTTPTransport.swift; sourceTree = "<group>"; };
		CB98264D45BE6021646B47AA /* LoadingView.swift */ = {isa = PBXFileReference; lastKnownFileType = sourcecode.swift; path = LoadingView.swift; sourceTree = "<group>"; };
		CD9A4AC6A2353BABF87696E2 /* QueryResultViewModel.swift */ = {isa = PBXFileReference; lastKnownFileType = sourcecode.swift; path = QueryResultViewModel.swift; sourceTree = "<group>"; };
		D02148CFD54DB234244D6960 /* PostgresErrorMapper.swift */ = {isa = PBXFileReference; lastKnownFileType = sourcecode.swift; path = PostgresErrorMapper.swift; sourceTree = "<group>"; };
		D4B2FAB6EB4D61BFACA27F79 /* DatabaseGroupRow.swift */ = {isa = PBXFileReference; lastKnownFileType = sourcecode.swift; path = DatabaseGroupRow.swift; sourceTree = "<group>"; };
		D596ED882EACD5C0367DF8B6 /* DatabaseConnectionConfig.swift */ = {isa = PBXFileReference; lastKnownFileType = sourcecode.swift; path = DatabaseConnectionConfig.swift; sourceTree = "<group>"; };
		D7D4F66164E5E8028A9EA325 /* SQLSafetyValidatorTests.swift */ = {isa = PBXFileReference; lastKnownFileType = sourcecode.swift; path = SQLSafetyValidatorTests.swift; sourceTree = "<group>"; };
		DA1AA29704A0DF0B0D92E56E /* SessionStore.swift */ = {isa = PBXFileReference; lastKnownFileType = sourcecode.swift; path = SessionStore.swift; sourceTree = "<group>"; };
		E15C23EAA90F2205B06AA400 /* GeneralSettingsView.swift */ = {isa = PBXFileReference; lastKnownFileType = sourcecode.swift; path = GeneralSettingsView.swift; sourceTree = "<group>"; };
		E271C5B65AC35B837AD0BD6C /* Assets.xcassets */ = {isa = PBXFileReference; lastKnownFileType = folder.assetcatalog; path = Assets.xcassets; sourceTree = "<group>"; };
		E36D97979AC640D93B5C30B6 /* ColumnInfo.swift */ = {isa = PBXFileReference; lastKnownFileType = sourcecode.swift; path = ColumnInfo.swift; sourceTree = "<group>"; };
		E66C3D2EFDC9E9B4BA09A136 /* ChatModeView.swift */ = {isa = PBXFileReference; lastKnownFileType = sourcecode.swift; path = ChatModeView.swift; sourceTree = "<group>"; };
		E6F1A663CDB8B6D45A6DA1D5 /* AppError.swift */ = {isa = PBXFileReference; lastKnownFileType = sourcecode.swift; path = AppError.swift; sourceTree = "<group>"; };
		E89B4B4CFB39F399ABB908C7 /* SQLSafetyValidator.swift */ = {isa = PBXFileReference; lastKnownFileType = sourcecode.swift; path = SQLSafetyValidator.swift; sourceTree = "<group>"; };
		EC8949F7F4C8FC5E472D3909 /* PostgresService.swift */ = {isa = PBXFileReference; lastKnownFileType = sourcecode.swift; path = PostgresService.swift; sourceTree = "<group>"; };
		EFE23C70D785D014C2E39969 /* DatabasesSettingsView.swift */ = {isa = PBXFileReference; lastKnownFileType = sourcecode.swift; path = DatabasesSettingsView.swift; sourceTree = "<group>"; };
		F09E72C449EE7A5A9A66BD9F /* DatabaseSchema.swift */ = {isa = PBXFileReference; lastKnownFileType = sourcecode.swift; path = DatabaseSchema.swift; sourceTree = "<group>"; };
		F2CC4ADDFBD0372E41CBC1A4 /* SessionStoreTests.swift */ = {isa = PBXFileReference; lastKnownFileType = sourcecode.swift; path = SessionStoreTests.swift; sourceTree = "<group>"; };
		F63EE53E94C2C5F8EDC5DD47 /* SchemaStore.swift */ = {isa = PBXFileReference; lastKnownFileType = sourcecode.swift; path = SchemaStore.swift; sourceTree = "<group>"; };
		F6F18482BAFDA08E3E215F02 /* OpenRouterSQLGenerator.swift */ = {isa = PBXFileReference; lastKnownFileType = sourcecode.swift; path = OpenRouterSQLGenerator.swift; sourceTree = "<group>"; };
		FAEB9A30055B7E3FE372CD61 /* SessionControllerTests.swift */ = {isa = PBXFileReference; lastKnownFileType = sourcecode.swift; path = SessionControllerTests.swift; sourceTree = "<group>"; };
/* End PBXFileReference section */

/* Begin PBXFrameworksBuildPhase section */
		38520360B4EE35F4F8F903DC /* Frameworks */ = {
			isa = PBXFrameworksBuildPhase;
			buildActionMask = 2147483647;
			files = (
				2DEB15A6FB12058AEB8EA4C3 /* PostgresNIO in Frameworks */,
			);
			runOnlyForDeploymentPostprocessing = 0;
		};
		954F157334B94D41F2EEEF02 /* Frameworks */ = {
			isa = PBXFrameworksBuildPhase;
			buildActionMask = 2147483647;
			files = (
				434A383C87AEEBA026425998 /* WidenKit.framework in Frameworks */,
			);
			runOnlyForDeploymentPostprocessing = 0;
		};
		E1CBE97309D091F12821ABC5 /* Frameworks */ = {
			isa = PBXFrameworksBuildPhase;
			buildActionMask = 2147483647;
			files = (
				029C6E6F71C4BBEBAAFBD71D /* WidenKit.framework in Frameworks */,
			);
			runOnlyForDeploymentPostprocessing = 0;
		};
/* End PBXFrameworksBuildPhase section */

/* Begin PBXGroup section */
		03FCBDFDB9E7B3428651C8A0 /* Products */ = {
			isa = PBXGroup;
			children = (
				4089BA52528E9EEAC2396AB2 /* Widen.app */,
				A287B7ABA46C2CE732510671 /* WidenKit.framework */,
				21DDF1337274FDB5AB132977 /* WidenTests.xctest */,
			);
			name = Products;
			sourceTree = "<group>";
		};
		0EC55EC56A2AA65F0B7A5BA1 /* ViewModels */ = {
			isa = PBXGroup;
			children = (
				45FEB67F1A613C00B3549BE5 /* ChatViewModel.swift */,
				75E1E0F5761DB6F974FB9494 /* ConnectionSettingsViewModel.swift */,
				CD9A4AC6A2353BABF87696E2 /* QueryResultViewModel.swift */,
				09FE1736941871937B17D50F /* SchemaViewModel.swift */,
			);
			path = ViewModels;
			sourceTree = "<group>";
		};
		30DF7DCDD7C91B0F875C30B9 /* WidenKit */ = {
			isa = PBXGroup;
			children = (
				63268D5768D14D6DE20ED483 /* App */,
				D29523499E37C7AD156E4FA0 /* Models */,
				775B1FF2EF589D7E54DEE3EF /* Services */,
				0EC55EC56A2AA65F0B7A5BA1 /* ViewModels */,
				54D1C9A383B032FB7C0878D5 /* Views */,
			);
			path = WidenKit;
			sourceTree = "<group>";
		};
		54D1C9A383B032FB7C0878D5 /* Views */ = {
			isa = PBXGroup;
			children = (
				4C1644FE0720C6F12CB46ED8 /* AIBackendToggle.swift */,
				230B04423A505F20C3D79EF5 /* AppearanceToggle.swift */,
				5C80647687D414D4445762EE /* CapsuleSegmentButton.swift */,
				761F73A4F49799F8CADA0C29 /* DatabaseOverviewView.swift */,
				980EE95F99B9CDF2F26BBC47 /* ErrorBannerView.swift */,
				CB98264D45BE6021646B47AA /* LoadingView.swift */,
				A181CFBD27E3620C8C3C902E /* MainView.swift */,
				ABCA8C831C2698A2155AD49F /* SchemaBrowserView.swift */,
				725DE507622217A36A82A235 /* SchemaInspectorView.swift */,
				003537221E8D09444ADD7EAD /* SessionDetailView.swift */,
				CC8AC7F3FAE6283B072A21D2 /* Chat */,
				8EF0FC0A318B799BB7D9C2B0 /* Results */,
				6D3F3AF0D6866578C40832D5 /* Settings */,
				A0AE56A39456C067B76EDA60 /* Sidebar */,
			);
			path = Views;
			sourceTree = "<group>";
		};
		63268D5768D14D6DE20ED483 /* App */ = {
			isa = PBXGroup;
			children = (
				766339FF7AE746B877592F59 /* AppState.swift */,
				4E3224013C3BD2A7894756D9 /* SessionController.swift */,
			);
			path = App;
			sourceTree = "<group>";
		};
		6D3F3AF0D6866578C40832D5 /* Settings */ = {
			isa = PBXGroup;
			children = (
				7F39F1CE52C85BAF2835DDB3 /* ArchivedSessionsSettingsView.swift */,
				CAEBEF243DB2BC29B6767858 /* ConnectionEditorForm.swift */,
				EFE23C70D785D014C2E39969 /* DatabasesSettingsView.swift */,
				E15C23EAA90F2205B06AA400 /* GeneralSettingsView.swift */,
				9548C6FFDED1BB0553160789 /* LLMSettingsView.swift */,
				60016B4C1BD9B80A992A73A4 /* SettingsView.swift */,
			);
			path = Settings;
			sourceTree = "<group>";
		};
		6DEA98F4ACDF85280BE79B53 /* WidenTests */ = {
			isa = PBXGroup;
			children = (
				82222A95EEF524D441242FD5 /* AIBackendSelectionTests.swift */,
				A8D7D7EDCCE8B5638DAF4989 /* AppStateSchemaTests.swift */,
				0E1E314A98E9C24DB275395B /* AppStateSessionTests.swift */,
				590FC9E47C8F0984E7168920 /* ChatViewModelTests.swift */,
				4D7DC9491F74000AE5458E39 /* ConnectionStoreTests.swift */,
				C776863B980AE74374EED3DD /* FoundationModelsSmokeTests.swift */,
				B99D0685D8BE2B80381201F0 /* OpenRouterSQLGeneratorTests.swift */,
				526F33B4A497093D4F7A3300 /* PostgresIntegrationTests.swift */,
				6765AEA72CE58BC6D644FE4C /* SchemaStoreTests.swift */,
				FAEB9A30055B7E3FE372CD61 /* SessionControllerTests.swift */,
				F2CC4ADDFBD0372E41CBC1A4 /* SessionStoreTests.swift */,
				7DB60DBB4528001882E57C20 /* SessionTitleTests.swift */,
				352C4B3A2C622CAEC8466E27 /* SQLPromptBuilderTests.swift */,
				D7D4F66164E5E8028A9EA325 /* SQLSafetyValidatorTests.swift */,
				25C6B47E5418CF6D55AE34FD /* WidenKitTests.swift */,
			);
			path = WidenTests;
			sourceTree = "<group>";
		};
		775B1FF2EF589D7E54DEE3EF /* Services */ = {
			isa = PBXGroup;
			children = (
				6DBE4DAF98A714DFDE7DF54E /* ConnectionStore.swift */,
				238DB6D552B7AF2D295338FD /* FoundationModelsSQLGenerator.swift */,
				6399B3911003C49C8E5A23BB /* FoundationModelsTitleGenerator.swift */,
				B594613B4437F5693FC5294D /* GenerationLog.swift */,
				CB10154B7158004651F823CF /* HTTPTransport.swift */,
				A3B9A1CC6E0205BFB23382B5 /* KeychainService.swift */,
				C69FF94E360E9E0F027F2AAA /* MockSQLGenerator.swift */,
				F6F18482BAFDA08E3E215F02 /* OpenRouterSQLGenerator.swift */,
				C38FD0CDC37E536A0ACD0BBD /* PCCSupport.swift */,
				AFAE5FF61F0206972133B567 /* PostgresCellFormatter.swift */,
				D02148CFD54DB234244D6960 /* PostgresErrorMapper.swift */,
				EC8949F7F4C8FC5E472D3909 /* PostgresService.swift */,
				6D97D661282C7D49C7D9844A /* PrivateCloudComputeSQLGenerator.swift */,
				8D3B5C38E209E366A7B9413D /* QueryExecutionService.swift */,
				5A2C062CE92CC29EB34DC339 /* SchemaIntrospectionService.swift */,
				F63EE53E94C2C5F8EDC5DD47 /* SchemaStore.swift */,
				DA1AA29704A0DF0B0D92E56E /* SessionStore.swift */,
				6E93D92D37A8796CFBFBD827 /* SessionTitleGenerator.swift */,
				4668054A3CDE423568E1A4F4 /* SQLGenerator.swift */,
				6BA8E6CFAEE004F6DB3C4D6B /* SQLPromptBuilder.swift */,
				E89B4B4CFB39F399ABB908C7 /* SQLSafetyValidator.swift */,
			);
			path = Services;
			sourceTree = "<group>";
		};
		891357E77479656F738D67CB = {
			isa = PBXGroup;
			children = (
				BB72E3C432C4B2ABC56D7102 /* Widen */,
				30DF7DCDD7C91B0F875C30B9 /* WidenKit */,
				6DEA98F4ACDF85280BE79B53 /* WidenTests */,
				03FCBDFDB9E7B3428651C8A0 /* Products */,
			);
			sourceTree = "<group>";
		};
		8EF0FC0A318B799BB7D9C2B0 /* Results */ = {
			isa = PBXGroup;
			children = (
				8ED849CA57ABBA33C736A628 /* ResultsCardView.swift */,
				A0D6E491DE3F8E28E3DE6BA0 /* ResultsGridView.swift */,
			);
			path = Results;
			sourceTree = "<group>";
		};
		A0AE56A39456C067B76EDA60 /* Sidebar */ = {
			isa = PBXGroup;
			children = (
				D4B2FAB6EB4D61BFACA27F79 /* DatabaseGroupRow.swift */,
				1C4B123ACB7D6A07BF9C56B1 /* SessionRow.swift */,
				55003AE18B47B04247233530 /* SidebarView.swift */,
			);
			path = Sidebar;
			sourceTree = "<group>";
		};
		BB72E3C432C4B2ABC56D7102 /* Widen */ = {
			isa = PBXGroup;
			children = (
				E271C5B65AC35B837AD0BD6C /* Assets.xcassets */,
				420B7A0BDD583B0ABE7D2E25 /* Info.plist */,
				3F4D5F2F87350CA819E01F58 /* Widen.entitlements */,
				0F3DF98ED93232966E34F946 /* WidenApp.swift */,
			);
			path = Widen;
			sourceTree = "<group>";
		};
		CC8AC7F3FAE6283B072A21D2 /* Chat */ = {
			isa = PBXGroup;
			children = (
				E66C3D2EFDC9E9B4BA09A136 /* ChatModeView.swift */,
				B5703BAB8838F625973C3D22 /* ComposerView.swift */,
				ACD47E55C23BE31FB80EB249 /* MessageBubbleView.swift */,
				6E9720CC8F348FC64D404436 /* SQLCardView.swift */,
			);
			path = Chat;
			sourceTree = "<group>";
		};
		D29523499E37C7AD156E4FA0 /* Models */ = {
			isa = PBXGroup;
			children = (
				9D65EBBAD5352C90A92D303B /* AIBackendPreferences.swift */,
				A5EB4C4ABF5F9444F28736EF /* AppearancePreference.swift */,
				E6F1A663CDB8B6D45A6DA1D5 /* AppError.swift */,
				0FC114812768A2AB47EECE04 /* ChatMessage.swift */,
				E36D97979AC640D93B5C30B6 /* ColumnInfo.swift */,
				D596ED882EACD5C0367DF8B6 /* DatabaseConnectionConfig.swift */,
				F09E72C449EE7A5A9A66BD9F /* DatabaseSchema.swift */,
				53B157FCABED3A63DEE715A3 /* ForeignKeyInfo.swift */,
				0875D9B4DCE517781B097472 /* OpenRouterCatalog.swift */,
				62528AEFE710F6485BD8680B /* QueryResult.swift */,
				0B7BA9550419C079DAB74703 /* QuerySession.swift */,
				2DAAF8DAFFED5A966828C8C4 /* SQLGenerationResult.swift */,
				2B82C454D2705BD1520A0263 /* TableInfo.swift */,
			);
			path = Models;
			sourceTree = "<group>";
		};
/* End PBXGroup section */

/* Begin PBXNativeTarget section */
		1FCB6B0AC1C74EEDF9DADF64 /* WidenKit */ = {
			isa = PBXNativeTarget;
			buildConfigurationList = 24224E7F50F2F7B02C1F93C3 /* Build configuration list for PBXNativeTarget "WidenKit" */;
			buildPhases = (
				F576A563AB6EA66551D1D26F /* Sources */,
				38520360B4EE35F4F8F903DC /* Frameworks */,
			);
			buildRules = (
			);
			dependencies = (
			);
			name = WidenKit;
			packageProductDependencies = (
				529F1F207D19D87065B1C548 /* PostgresNIO */,
			);
			productName = WidenKit;
			productReference = A287B7ABA46C2CE732510671 /* WidenKit.framework */;
			productType = "com.apple.product-type.framework";
		};
		7E919A35DFA0D66CA4BC623D /* WidenTests */ = {
			isa = PBXNativeTarget;
			buildConfigurationList = 70C6866A2C90C35066A4ED0E /* Build configuration list for PBXNativeTarget "WidenTests" */;
			buildPhases = (
				72A2FBD42CC5961485F79C60 /* Sources */,
				954F157334B94D41F2EEEF02 /* Frameworks */,
				329C424A2DCA83773C5624CC /* Embed Frameworks */,
			);
			buildRules = (
			);
			dependencies = (
				ED109B86FF403574BF867C19 /* PBXTargetDependency */,
			);
			name = WidenTests;
			packageProductDependencies = (
			);
			productName = WidenTests;
			productReference = 21DDF1337274FDB5AB132977 /* WidenTests.xctest */;
			productType = "com.apple.product-type.bundle.unit-test";
		};
		E6D0EC016BC4A3DF653D9352 /* Widen */ = {
			isa = PBXNativeTarget;
			buildConfigurationList = 4F02A32EB4CD7BC23C4669E8 /* Build configuration list for PBXNativeTarget "Widen" */;
			buildPhases = (
				6DBEC7316F14B45ABF705076 /* Sources */,
				323968EDFCB2A3E9590B5AD1 /* Resources */,
				E1CBE97309D091F12821ABC5 /* Frameworks */,
				3725B242B4BFD34796A6F3CE /* Embed Frameworks */,
			);
			buildRules = (
			);
			dependencies = (
				4DEC88A701C4806D8B455DB3 /* PBXTargetDependency */,
			);
			name = Widen;
			packageProductDependencies = (
			);
			productName = Widen;
			productReference = 4089BA52528E9EEAC2396AB2 /* Widen.app */;
			productType = "com.apple.product-type.application";
		};
/* End PBXNativeTarget section */

/* Begin PBXProject section */
		EED2FFFAE7DB9CCD2E3C5B85 /* Project object */ = {
			isa = PBXProject;
			attributes = {
				BuildIndependentTargetsInParallel = YES;
				LastUpgradeCheck = 1430;
				TargetAttributes = {
					1FCB6B0AC1C74EEDF9DADF64 = {
						DevelopmentTeam = "";
						ProvisioningStyle = Manual;
					};
					7E919A35DFA0D66CA4BC623D = {
						DevelopmentTeam = "";
						ProvisioningStyle = Manual;
					};
					E6D0EC016BC4A3DF653D9352 = {
						DevelopmentTeam = "";
						ProvisioningStyle = Manual;
					};
				};
			};
			buildConfigurationList = 1882E55CD01F5BDA08C5FE2C /* Build configuration list for PBXProject "Widen" */;
			developmentRegion = en;
			hasScannedForEncodings = 0;
			knownRegions = (
				Base,
				en,
			);
			mainGroup = 891357E77479656F738D67CB;
			minimizedProjectReferenceProxies = 1;
			packageReferences = (
				E7FCC23A638DB0CB7EC669A0 /* XCRemoteSwiftPackageReference "postgres-nio" */,
			);
			preferredProjectObjectVersion = 77;
			productRefGroup = 03FCBDFDB9E7B3428651C8A0 /* Products */;
			projectDirPath = "";
			projectRoot = "";
			targets = (
				E6D0EC016BC4A3DF653D9352 /* Widen */,
				1FCB6B0AC1C74EEDF9DADF64 /* WidenKit */,
				7E919A35DFA0D66CA4BC623D /* WidenTests */,
			);
		};
/* End PBXProject section */

/* Begin PBXResourcesBuildPhase section */
		323968EDFCB2A3E9590B5AD1 /* Resources */ = {
			isa = PBXResourcesBuildPhase;
			buildActionMask = 2147483647;
			files = (
				094449A6D12D44D491D1D497 /* Assets.xcassets in Resources */,
			);
			runOnlyForDeploymentPostprocessing = 0;
		};
/* End PBXResourcesBuildPhase section */

/* Begin PBXSourcesBuildPhase section */
		6DBEC7316F14B45ABF705076 /* Sources */ = {
			isa = PBXSourcesBuildPhase;
			buildActionMask = 2147483647;
			files = (
				419D3C46557E5EB02BFF1E16 /* WidenApp.swift in Sources */,
			);
			runOnlyForDeploymentPostprocessing = 0;
		};
		72A2FBD42CC5961485F79C60 /* Sources */ = {
			isa = PBXSourcesBuildPhase;
			buildActionMask = 2147483647;
			files = (
				01C0284CF143FB036E122995 /* AIBackendSelectionTests.swift in Sources */,
				1B4AF2DDDDEF130CA473EE1F /* AppStateSchemaTests.swift in Sources */,
				16E278E74057D1472B29CCFA /* AppStateSessionTests.swift in Sources */,
				97765290AC859F9923EF7B20 /* ChatViewModelTests.swift in Sources */,
				974A50A3A65A15698A331AE2 /* ConnectionStoreTests.swift in Sources */,
				CC901A90F31FB81E58DCBAC9 /* FoundationModelsSmokeTests.swift in Sources */,
				AFBCC86B144660AF022DD102 /* OpenRouterSQLGeneratorTests.swift in Sources */,
				05E75B10D5A5DAECC48EF104 /* PostgresIntegrationTests.swift in Sources */,
				EF9CE627C80199A8351EF201 /* SQLPromptBuilderTests.swift in Sources */,
				6A5DB748205AD6A08CB83BAE /* SQLSafetyValidatorTests.swift in Sources */,
				C8CC0F98FA9581466F034692 /* SchemaStoreTests.swift in Sources */,
				AAE2F5B4C2AA310AC576E408 /* SessionControllerTests.swift in Sources */,
				7DBEF4C3F5F26F43884DDC1A /* SessionStoreTests.swift in Sources */,
				945C5CE81A388F43EE3709DC /* SessionTitleTests.swift in Sources */,
				ACB000D582647340280E01A3 /* WidenKitTests.swift in Sources */,
			);
			runOnlyForDeploymentPostprocessing = 0;
		};
		F576A563AB6EA66551D1D26F /* Sources */ = {
			isa = PBXSourcesBuildPhase;
			buildActionMask = 2147483647;
			files = (
				34F78902BE58D5CB8EC09301 /* AIBackendPreferences.swift in Sources */,
				31F2B0EC39FE62106BB1B4DE /* AIBackendToggle.swift in Sources */,
				91721D00C35BBE6A1B3B7BC5 /* AppError.swift in Sources */,
				ED5BCEF2845478E58F7E3758 /* AppState.swift in Sources */,
				0560EC58BEE91D9F98F5AC32 /* AppearancePreference.swift in Sources */,
				9FC5F80BD37E41A1A2235094 /* AppearanceToggle.swift in Sources */,
				6EC15D2180D5E4E77FC806BC /* ArchivedSessionsSettingsView.swift in Sources */,
				223A191A64938643DCB02C11 /* CapsuleSegmentButton.swift in Sources */,
				04D45723ACD2DBFB2A44561F /* ChatMessage.swift in Sources */,
				B61F1D2B5F5495A14A7D6F82 /* ChatModeView.swift in Sources */,
				603D1C66B3804DB8772F9B9C /* ChatViewModel.swift in Sources */,
				768DAF6FD7B82571653BDBDB /* ColumnInfo.swift in Sources */,
				D3A1485BB1D9396614D1445C /* ComposerView.swift in Sources */,
				3BE58981088724407FF51DAB /* ConnectionEditorForm.swift in Sources */,
				2C8F8995D28211876451B162 /* ConnectionSettingsViewModel.swift in Sources */,
				89E8175EE7A65895715004C8 /* ConnectionStore.swift in Sources */,
				38FE0829888A4A66DFA35CB4 /* DatabaseConnectionConfig.swift in Sources */,
				0F8468DE980881943E60D699 /* DatabaseGroupRow.swift in Sources */,
				1674AC3275D4BD3B75C9F226 /* DatabaseOverviewView.swift in Sources */,
				EF753E2965C53200E0302956 /* DatabaseSchema.swift in Sources */,
				C5C273D359E377E0C44B9E30 /* DatabasesSettingsView.swift in Sources */,
				F56A4AE65EBEE8EA32929E7F /* ErrorBannerView.swift in Sources */,
				45493C26C7093C53E7FA6CA7 /* ForeignKeyInfo.swift in Sources */,
				DE0A58308400EE1367A39D5A /* FoundationModelsSQLGenerator.swift in Sources */,
				2A486A59E00812C4F538DE85 /* FoundationModelsTitleGenerator.swift in Sources */,
				92175B834D98973A909CD346 /* GeneralSettingsView.swift in Sources */,
				677AC815A764B633F9F22D26 /* GenerationLog.swift in Sources */,
				ADC54918FA78A02A2935BA0D /* HTTPTransport.swift in Sources */,
				431CE0A39E21D2C174350BC7 /* KeychainService.swift in Sources */,
				753031F9DD6A8D6D27BCC293 /* LLMSettingsView.swift in Sources */,
				8C7B53F2B10338BB399CA9FA /* LoadingView.swift in Sources */,
				982986ED6DA188054F14BCE9 /* MainView.swift in Sources */,
				A8CC6487A4E0350CA83142BA /* MessageBubbleView.swift in Sources */,
				7B8853EF36A5A764F648AF6C /* MockSQLGenerator.swift in Sources */,
				4C68CAA36470F5443E52AC15 /* OpenRouterCatalog.swift in Sources */,
				174D9DBB71A59BDCC9E707B8 /* OpenRouterSQLGenerator.swift in Sources */,
				EE5904EE1D6F99457023AD50 /* PCCSupport.swift in Sources */,
				C502AEC63AC48859043019A9 /* PostgresCellFormatter.swift in Sources */,
				44DC2644E6C9B468A01B836C /* PostgresErrorMapper.swift in Sources */,
				AFA418FA05A4579D14F1DA77 /* PostgresService.swift in Sources */,
				16FF5393670F9E93FD53B778 /* PrivateCloudComputeSQLGenerator.swift in Sources */,
				98CECE67670288333751B170 /* QueryExecutionService.swift in Sources */,
				16E7184CC8CEBDD110063DD0 /* QueryResult.swift in Sources */,
				31AAD4FFD25B413C6BB2410E /* QueryResultViewModel.swift in Sources */,
				17B58BDBFC1AD9599BE083EC /* QuerySession.swift in Sources */,
				C2E902D08842ED705757E093 /* ResultsCardView.swift in Sources */,
				4A75EC7A4C514B92BE04945E /* ResultsGridView.swift in Sources */,
				3B6192683475A6655C2457C2 /* SQLCardView.swift in Sources */,
				AEBB14B823EC2DF0490DC5B8 /* SQLGenerationResult.swift in Sources */,
				799DCAF1B34F0A3CD18F70FB /* SQLGenerator.swift in Sources */,
				1B7ED3BD37EE6A5727850143 /* SQLPromptBuilder.swift in Sources */,
				344BEFD5BC2ABA6B9DE4371C /* SQLSafetyValidator.swift in Sources */,
				1D500705EAC9A667A2702299 /* SchemaBrowserView.swift in Sources */,
				9289CD3666919AC9B9DD88AD /* SchemaInspectorView.swift in Sources */,
				B84A31F77577FA4DBD88D7D3 /* SchemaIntrospectionService.swift in Sources */,
				49D036B9E3F976916C4023DC /* SchemaStore.swift in Sources */,
				DF579B887E407DE86D520359 /* SchemaViewModel.swift in Sources */,
				97F621F20475215531A2FE1D /* SessionController.swift in Sources */,
				754F4B9CADE8E81CF7B3612F /* SessionDetailView.swift in Sources */,
				C70434C961398F8FE40C7865 /* SessionRow.swift in Sources */,
				6D0F36CCCD8C402EB80DA83D /* SessionStore.swift in Sources */,
				33DCCAB3D5776014CF30B619 /* SessionTitleGenerator.swift in Sources */,
				769ABC9198C3975F0BC73673 /* SettingsView.swift in Sources */,
				48022A27EFAA78F2CBCC864D /* SidebarView.swift in Sources */,
				2ECF4D6E459FE689FF8F6D4C /* TableInfo.swift in Sources */,
			);
			runOnlyForDeploymentPostprocessing = 0;
		};
/* End PBXSourcesBuildPhase section */

/* Begin PBXTargetDependency section */
		4DEC88A701C4806D8B455DB3 /* PBXTargetDependency */ = {
			isa = PBXTargetDependency;
			target = 1FCB6B0AC1C74EEDF9DADF64 /* WidenKit */;
			targetProxy = 531BF63DAC9357D56FA5A567 /* PBXContainerItemProxy */;
		};
		ED109B86FF403574BF867C19 /* PBXTargetDependency */ = {
			isa = PBXTargetDependency;
			target = 1FCB6B0AC1C74EEDF9DADF64 /* WidenKit */;
			targetProxy = 85ABDEA1E4488FD59A2B4F2A /* PBXContainerItemProxy */;
		};
/* End PBXTargetDependency section */

/* Begin XCBuildConfiguration section */
		17CCA15F044FB04F6FF29286 /* Debug */ = {
			isa = XCBuildConfiguration;
			buildSettings = {
				ALWAYS_SEARCH_USER_PATHS = NO;
				CLANG_ANALYZER_NONNULL = YES;
				CLANG_ANALYZER_NUMBER_OBJECT_CONVERSION = YES_AGGRESSIVE;
				CLANG_CXX_LANGUAGE_STANDARD = "gnu++14";
				CLANG_CXX_LIBRARY = "libc++";
				CLANG_ENABLE_MODULES = YES;
				CLANG_ENABLE_OBJC_ARC = YES;
				CLANG_ENABLE_OBJC_WEAK = YES;
				CLANG_WARN_BLOCK_CAPTURE_AUTORELEASING = YES;
				CLANG_WARN_BOOL_CONVERSION = YES;
				CLANG_WARN_COMMA = YES;
				CLANG_WARN_CONSTANT_CONVERSION = YES;
				CLANG_WARN_DEPRECATED_OBJC_IMPLEMENTATIONS = YES;
				CLANG_WARN_DIRECT_OBJC_ISA_USAGE = YES_ERROR;
				CLANG_WARN_DOCUMENTATION_COMMENTS = YES;
				CLANG_WARN_EMPTY_BODY = YES;
				CLANG_WARN_ENUM_CONVERSION = YES;
				CLANG_WARN_INFINITE_RECURSION = YES;
				CLANG_WARN_INT_CONVERSION = YES;
				CLANG_WARN_NON_LITERAL_NULL_CONVERSION = YES;
				CLANG_WARN_OBJC_IMPLICIT_RETAIN_SELF = YES;
				CLANG_WARN_OBJC_LITERAL_CONVERSION = YES;
				CLANG_WARN_OBJC_ROOT_CLASS = YES_ERROR;
				CLANG_WARN_QUOTED_INCLUDE_IN_FRAMEWORK_HEADER = YES;
				CLANG_WARN_RANGE_LOOP_ANALYSIS = YES;
				CLANG_WARN_STRICT_PROTOTYPES = YES;
				CLANG_WARN_SUSPICIOUS_MOVE = YES;
				CLANG_WARN_UNGUARDED_AVAILABILITY = YES_AGGRESSIVE;
				CLANG_WARN_UNREACHABLE_CODE = YES;
				CLANG_WARN__DUPLICATE_METHOD_MATCH = YES;
				CODE_SIGN_IDENTITY = "-";
				CODE_SIGN_STYLE = Manual;
				COPY_PHASE_STRIP = NO;
				DEBUG_INFORMATION_FORMAT = dwarf;
				DEVELOPMENT_TEAM = "";
				ENABLE_STRICT_OBJC_MSGSEND = YES;
				ENABLE_TESTABILITY = YES;
				GCC_C_LANGUAGE_STANDARD = gnu11;
				GCC_DYNAMIC_NO_PIC = NO;
				GCC_NO_COMMON_BLOCKS = YES;
				GCC_OPTIMIZATION_LEVEL = 0;
				GCC_PREPROCESSOR_DEFINITIONS = (
					"$(inherited)",
					"DEBUG=1",
				);
				GCC_WARN_64_TO_32_BIT_CONVERSION = YES;
				GCC_WARN_ABOUT_RETURN_TYPE = YES_ERROR;
				GCC_WARN_UNDECLARED_SELECTOR = YES;
				GCC_WARN_UNINITIALIZED_AUTOS = YES_AGGRESSIVE;
				GCC_WARN_UNUSED_FUNCTION = YES;
				GCC_WARN_UNUSED_VARIABLE = YES;
				GENERATE_INFOPLIST_FILE = YES;
				MACOSX_DEPLOYMENT_TARGET = 26.0;
				MTL_ENABLE_DEBUG_INFO = INCLUDE_SOURCE;
				MTL_FAST_MATH = YES;
				ONLY_ACTIVE_ARCH = YES;
				PRODUCT_NAME = "$(TARGET_NAME)";
				SDKROOT = macosx;
				SWIFT_ACTIVE_COMPILATION_CONDITIONS = DEBUG;
				SWIFT_OPTIMIZATION_LEVEL = "-Onone";
				SWIFT_VERSION = 6.0;
			};
			name = Debug;
		};
		2AFCC1E756E8D71A724405CD /* Release */ = {
			isa = XCBuildConfiguration;
			buildSettings = {
				ASSETCATALOG_COMPILER_APPICON_NAME = AppIcon;
				COMBINE_HIDPI_IMAGES = YES;
				ENABLE_HARDENED_RUNTIME = NO;
				INFOPLIST_FILE = Widen/Info.plist;
				LD_RUNPATH_SEARCH_PATHS = "$(inherited) @executable_path/../Frameworks";
				PRODUCT_BUNDLE_IDENTIFIER = dev.widen.Widen;
				SDKROOT = macosx;
			};
			name = Release;
		};
		2FAA939B7300C2DB7B71A683 /* Release */ = {
			isa = XCBuildConfiguration;
			buildSettings = {
				BUNDLE_LOADER = "$(TEST_HOST)";
				COMBINE_HIDPI_IMAGES = YES;
				LD_RUNPATH_SEARCH_PATHS = (
					"$(inherited)",
					"@executable_path/../Frameworks",
					"@loader_path/../Frameworks",
				);
				PRODUCT_BUNDLE_IDENTIFIER = dev.widen.WidenTests;
				SDKROOT = macosx;
			};
			name = Release;
		};
		3834324B2C0B96C2C530F3EF /* Debug */ = {
			isa = XCBuildConfiguration;
			buildSettings = {
				ASSETCATALOG_COMPILER_APPICON_NAME = AppIcon;
				COMBINE_HIDPI_IMAGES = YES;
				ENABLE_HARDENED_RUNTIME = NO;
				INFOPLIST_FILE = Widen/Info.plist;
				LD_RUNPATH_SEARCH_PATHS = "$(inherited) @executable_path/../Frameworks";
				PRODUCT_BUNDLE_IDENTIFIER = dev.widen.Widen;
				SDKROOT = macosx;
			};
			name = Debug;
		};
		98FCC85E61B74B2A46869B04 /* Release */ = {
			isa = XCBuildConfiguration;
			buildSettings = {
				CODE_SIGN_IDENTITY = "";
				COMBINE_HIDPI_IMAGES = YES;
				CURRENT_PROJECT_VERSION = 1;
				DEFINES_MODULE = YES;
				DYLIB_COMPATIBILITY_VERSION = 1;
				DYLIB_CURRENT_VERSION = 1;
				DYLIB_INSTALL_NAME_BASE = "@rpath";
				INSTALL_PATH = "$(LOCAL_LIBRARY_DIR)/Frameworks";
				LD_RUNPATH_SEARCH_PATHS = "$(inherited) @executable_path/../Frameworks @loader_path/Frameworks";
				PRODUCT_BUNDLE_IDENTIFIER = dev.widen.WidenKit;
				SDKROOT = macosx;
				SKIP_INSTALL = YES;
				VERSIONING_SYSTEM = "apple-generic";
			};
			name = Release;
		};
		A8B2DA7BBC3AFDA6D3F5647F /* Debug */ = {
			isa = XCBuildConfiguration;
			buildSettings = {
				CODE_SIGN_IDENTITY = "";
				COMBINE_HIDPI_IMAGES = YES;
				CURRENT_PROJECT_VERSION = 1;
				DEFINES_MODULE = YES;
				DYLIB_COMPATIBILITY_VERSION = 1;
				DYLIB_CURRENT_VERSION = 1;
				DYLIB_INSTALL_NAME_BASE = "@rpath";
				INSTALL_PATH = "$(LOCAL_LIBRARY_DIR)/Frameworks";
				LD_RUNPATH_SEARCH_PATHS = "$(inherited) @executable_path/../Frameworks @loader_path/Frameworks";
				PRODUCT_BUNDLE_IDENTIFIER = dev.widen.WidenKit;
				SDKROOT = macosx;
				SKIP_INSTALL = YES;
				VERSIONING_SYSTEM = "apple-generic";
			};
			name = Debug;
		};
		BD76944FC91E121AC19FD1B9 /* Release */ = {
			isa = XCBuildConfiguration;
			buildSettings = {
				ALWAYS_SEARCH_USER_PATHS = NO;
				CLANG_ANALYZER_NONNULL = YES;
				CLANG_ANALYZER_NUMBER_OBJECT_CONVERSION = YES_AGGRESSIVE;
				CLANG_CXX_LANGUAGE_STANDARD = "gnu++14";
				CLANG_CXX_LIBRARY = "libc++";
				CLANG_ENABLE_MODULES = YES;
				CLANG_ENABLE_OBJC_ARC = YES;
				CLANG_ENABLE_OBJC_WEAK = YES;
				CLANG_WARN_BLOCK_CAPTURE_AUTORELEASING = YES;
				CLANG_WARN_BOOL_CONVERSION = YES;
				CLANG_WARN_COMMA = YES;
				CLANG_WARN_CONSTANT_CONVERSION = YES;
				CLANG_WARN_DEPRECATED_OBJC_IMPLEMENTATIONS = YES;
				CLANG_WARN_DIRECT_OBJC_ISA_USAGE = YES_ERROR;
				CLANG_WARN_DOCUMENTATION_COMMENTS = YES;
				CLANG_WARN_EMPTY_BODY = YES;
				CLANG_WARN_ENUM_CONVERSION = YES;
				CLANG_WARN_INFINITE_RECURSION = YES;
				CLANG_WARN_INT_CONVERSION = YES;
				CLANG_WARN_NON_LITERAL_NULL_CONVERSION = YES;
				CLANG_WARN_OBJC_IMPLICIT_RETAIN_SELF = YES;
				CLANG_WARN_OBJC_LITERAL_CONVERSION = YES;
				CLANG_WARN_OBJC_ROOT_CLASS = YES_ERROR;
				CLANG_WARN_QUOTED_INCLUDE_IN_FRAMEWORK_HEADER = YES;
				CLANG_WARN_RANGE_LOOP_ANALYSIS = YES;
				CLANG_WARN_STRICT_PROTOTYPES = YES;
				CLANG_WARN_SUSPICIOUS_MOVE = YES;
				CLANG_WARN_UNGUARDED_AVAILABILITY = YES_AGGRESSIVE;
				CLANG_WARN_UNREACHABLE_CODE = YES;
				CLANG_WARN__DUPLICATE_METHOD_MATCH = YES;
				CODE_SIGN_IDENTITY = "-";
				CODE_SIGN_STYLE = Manual;
				COPY_PHASE_STRIP = NO;
				DEBUG_INFORMATION_FORMAT = "dwarf-with-dsym";
				DEVELOPMENT_TEAM = "";
				ENABLE_NS_ASSERTIONS = NO;
				ENABLE_STRICT_OBJC_MSGSEND = YES;
				GCC_C_LANGUAGE_STANDARD = gnu11;
				GCC_NO_COMMON_BLOCKS = YES;
				GCC_WARN_64_TO_32_BIT_CONVERSION = YES;
				GCC_WARN_ABOUT_RETURN_TYPE = YES_ERROR;
				GCC_WARN_UNDECLARED_SELECTOR = YES;
				GCC_WARN_UNINITIALIZED_AUTOS = YES_AGGRESSIVE;
				GCC_WARN_UNUSED_FUNCTION = YES;
				GCC_WARN_UNUSED_VARIABLE = YES;
				GENERATE_INFOPLIST_FILE = YES;
				MACOSX_DEPLOYMENT_TARGET = 26.0;
				MTL_ENABLE_DEBUG_INFO = NO;
				MTL_FAST_MATH = YES;
				PRODUCT_NAME = "$(TARGET_NAME)";
				SDKROOT = macosx;
				SWIFT_COMPILATION_MODE = wholemodule;
				SWIFT_OPTIMIZATION_LEVEL = "-O";
				SWIFT_VERSION = 6.0;
			};
			name = Release;
		};
		F75B20AE257A9A82B1ED1E7F /* Debug */ = {
			isa = XCBuildConfiguration;
			buildSettings = {
				BUNDLE_LOADER = "$(TEST_HOST)";
				COMBINE_HIDPI_IMAGES = YES;
				LD_RUNPATH_SEARCH_PATHS = (
					"$(inherited)",
					"@executable_path/../Frameworks",
					"@loader_path/../Frameworks",
				);
				PRODUCT_BUNDLE_IDENTIFIER = dev.widen.WidenTests;
				SDKROOT = macosx;
			};
			name = Debug;
		};
/* End XCBuildConfiguration section */

/* Begin XCConfigurationList section */
		1882E55CD01F5BDA08C5FE2C /* Build configuration list for PBXProject "Widen" */ = {
			isa = XCConfigurationList;
			buildConfigurations = (
				17CCA15F044FB04F6FF29286 /* Debug */,
				BD76944FC91E121AC19FD1B9 /* Release */,
			);
			defaultConfigurationIsVisible = 0;
			defaultConfigurationName = Debug;
		};
		24224E7F50F2F7B02C1F93C3 /* Build configuration list for PBXNativeTarget "WidenKit" */ = {
			isa = XCConfigurationList;
			buildConfigurations = (
				A8B2DA7BBC3AFDA6D3F5647F /* Debug */,
				98FCC85E61B74B2A46869B04 /* Release */,
			);
			defaultConfigurationIsVisible = 0;
			defaultConfigurationName = Debug;
		};
		4F02A32EB4CD7BC23C4669E8 /* Build configuration list for PBXNativeTarget "Widen" */ = {
			isa = XCConfigurationList;
			buildConfigurations = (
				3834324B2C0B96C2C530F3EF /* Debug */,
				2AFCC1E756E8D71A724405CD /* Release */,
			);
			defaultConfigurationIsVisible = 0;
			defaultConfigurationName = Debug;
		};
		70C6866A2C90C35066A4ED0E /* Build configuration list for PBXNativeTarget "WidenTests" */ = {
			isa = XCConfigurationList;
			buildConfigurations = (
				F75B20AE257A9A82B1ED1E7F /* Debug */,
				2FAA939B7300C2DB7B71A683 /* Release */,
			);
			defaultConfigurationIsVisible = 0;
			defaultConfigurationName = Debug;
		};
/* End XCConfigurationList section */

/* Begin XCRemoteSwiftPackageReference section */
		E7FCC23A638DB0CB7EC669A0 /* XCRemoteSwiftPackageReference "postgres-nio" */ = {
			isa = XCRemoteSwiftPackageReference;
			repositoryURL = "https://github.com/vapor/postgres-nio.git";
			requirement = {
				kind = upToNextMajorVersion;
				minimumVersion = 1.33.0;
			};
		};
/* End XCRemoteSwiftPackageReference section */

/* Begin XCSwiftPackageProductDependency section */
		529F1F207D19D87065B1C548 /* PostgresNIO */ = {
			isa = XCSwiftPackageProductDependency;
			package = E7FCC23A638DB0CB7EC669A0 /* XCRemoteSwiftPackageReference "postgres-nio" */;
			productName = PostgresNIO;
		};
/* End XCSwiftPackageProductDependency section */
	};
	rootObject = EED2FFFAE7DB9CCD2E3C5B85 /* Project object */;
}
